// !$*UTF8*$!
{
	archiveVersion = 1;
	classes = {
	};
	objectVersion = 50;
	objects = {

/* Begin PBXBuildFile section */
		7B8A06612430ACE0002C7787 /* AppDelegate.swift in Sources */ = {isa = PBXBuildFile; fileRef = 7B8A06602430ACE0002C7787 /* AppDelegate.swift */; };
		7B8A06632430ACE0002C7787 /* SceneDelegate.swift in Sources */ = {isa = PBXBuildFile; fileRef = 7B8A06622430ACE0002C7787 /* SceneDelegate.swift */; };
		7B8A06652430ACE0002C7787 /* ContentView.swift in Sources */ = {isa = PBXBuildFile; fileRef = 7B8A06642430ACE0002C7787 /* ContentView.swift */; };
		7B8A06672430ACE4002C7787 /* Assets.xcassets in Resources */ = {isa = PBXBuildFile; fileRef = 7B8A06662430ACE4002C7787 /* Assets.xcassets */; };
		7B8A066A2430ACE4002C7787 /* Preview Assets.xcassets in Resources */ = {isa = PBXBuildFile; fileRef = 7B8A06692430ACE4002C7787 /* Preview Assets.xcassets */; };
		7B8A066D2430ACE4002C7787 /* LaunchScreen.storyboard in Resources */ = {isa = PBXBuildFile; fileRef = 7B8A066B2430ACE4002C7787 /* LaunchScreen.storyboard */; };
/* End PBXBuildFile section */

/* Begin PBXFileReference section */
		7B8A065D2430ACE0002C7787 /* GeometrySpace.app */ = {isa = PBXFileReference; explicitFileType = wrapper.application; includeInIndex = 0; path = GeometrySpace.app; sourceTree = BUILT_PRODUCTS_DIR; };
		7B8A06602430ACE0002C7787 /* AppDelegate.swift */ = {isa = PBXFileReference; lastKnownFileType = sourcecode.swift; path = AppDelegate.swift; sourceTree = "<group>"; };
		7B8A06622430ACE0002C7787 /* SceneDelegate.swift */ = {isa = PBXFileReference; lastKnownFileType = sourcecode.swift; path = SceneDelegate.swift; sourceTree = "<group>"; };
		7B8A06642430ACE0002C7787 /* ContentView.swift */ = {isa = PBXFileReference; lastKnownFileType = sourcecode.swift; path = ContentView.swift; sourceTree = "<group>"; };
		7B8A06662430ACE4002C7787 /* Assets.xcassets */ = {isa = PBXFileReference; lastKnownFileType = folder.assetcatalog; path = Assets.xcassets; sourceTree = "<group>"; };
		7B8A06692430ACE4002C7787 /* Preview Assets.xcassets */ = {isa = PBXFileReference; lastKnownFileType = folder.assetcatalog; path = "Preview Assets.xcassets"; sourceTree = "<group>"; };
		7B8A066C2430ACE4002C7787 /* Base */ = {isa = PBXFileReference; lastKnownFileType = file.storyboard; name = Base; path = Base.lproj/LaunchScreen.storyboard; sourceTree = "<group>"; };
		7B8A066E2430ACE4002C7787 /* Info.plist */ = {isa = PBXFileReference; lastKnownFileType = text.plist.xml; path = Info.plist; sourceTree = "<group>"; };
/* End PBXFileReference section */

/* Begin PBXFrameworksBuildPhase section */
		7B8A065A2430ACE0002C7787 /* Frameworks */ = {
			isa = PBXFrameworksBuildPhase;
			buildActionMask = 2147483647;
			files = (
			);
			runOnlyForDeploymentPostprocessing = 0;
		};
/* End PBXFrameworksBuildPhase section */

/* Begin PBXGroup section */
		7B8A06542430ACE0002C7787 = {
			isa = PBXGroup;
			children = (
				7B8A065F2430ACE0002C7787 /* GeometrySpace */,
				7B8A065E2430ACE0002C7787 /* Products */,
			);
			sourceTree = "<group>";
		};
		7B8A065E2430ACE0002C7787 /* Products */ = {
			isa = PBXGroup;
			children = (
				7B8A065D2430ACE0002C7787 /* GeometrySpace.app */,
			);
			name = Products;
			sourceTree = "<group>";
		};
		7B8A065F2430ACE0002C7787 /* GeometrySpace */ = {
			isa = PBXGroup;
			children = (
				7B8A06602430ACE0002C7787 /* AppDelegate.swift */,
				7B8A06622430ACE0002C7787 /* SceneDelegate.swift */,
				7B8A06642430ACE0002C7787 /* ContentView.swift */,
				7B8A06662430ACE4002C7787 /* Assets.xcassets */,
				7B8A066B2430ACE4002C7787 /* LaunchScreen.storyboard */,
				7B8A066E2430ACE4002C7787 /* Info.plist */,
				7B8A06682430ACE4002C7787 /* Preview Content */,
			);
			path = GeometrySpace;
			sourceTree = "<group>";
		};
		7B8A06682430ACE4002C7787 /* Preview Content */ = {
			isa = PBXGroup;
			children = (
				7B8A06692430ACE4002C7787 /* Preview Assets.xcassets */,
			);
			path = "Preview Content";
			sourceTree = "<group>";
		};
/* End PBXGroup section */

/* Begin PBXNativeTarget section */
		7B8A065C2430ACE0002C7787 /* GeometrySpace */ = {
			isa = PBXNativeTarget;
			buildConfigurationList = 7B8A06712430ACE4002C7787 /* Build configuration list for PBXNativeTarget "GeometrySpace" */;
			buildPhases = (
				7B8A06592430ACE0002C7787 /* Sources */,
				7B8A065A2430ACE0002C7787 /* Frameworks */,
				7B8A065B2430ACE0002C7787 /* Resources */,
			);
			buildRules = (
			);
			dependencies = (
			);
			name = GeometrySpace;
			productName = GeometrySpace;
			productReference = 7B8A065D2430ACE0002C7787 /* GeometrySpace.app */;
			productType = "com.apple.product-type.application";
		};
/* End PBXNativeTarget section */

/* Begin PBXProject section */
		7B8A06552430ACE0002C7787 /* Project object */ = {
			isa = PBXProject;
			attributes = {
				LastSwiftUpdateCheck = 1140;
				LastUpgradeCheck = 1140;
				ORGANIZATIONNAME = "Mark Lucking";
				TargetAttributes = {
					7B8A065C2430ACE0002C7787 = {
						CreatedOnToolsVersion = 11.4;
					};
				};
			};
			buildConfigurationList = 7B8A06582430ACE0002C7787 /* Build configuration list for PBXProject "GeometrySpace" */;
			compatibilityVersion = "Xcode 9.3";
			developmentRegion = en;
			hasScannedForEncodings = 0;
			knownRegions = (
				en,
				Base,
			);
			mainGroup = 7B8A06542430ACE0002C7787;
			productRefGroup = 7B8A065E2430ACE0002C7787 /* Products */;
			projectDirPath = "";
			projectRoot = "";
			targets = (
				7B8A065C2430ACE0002C7787 /* GeometrySpace */,
			);
		};
/* End PBXProject section */

/* Begin PBXResourcesBuildPhase section */
		7B8A065B2430ACE0002C7787 /* Resources */ = {
			isa = PBXResourcesBuildPhase;
			buildActionMask = 2147483647;
			files = (
				7B8A066D2430ACE4002C7787 /* LaunchScreen.storyboard in Resources */,
				7B8A066A2430ACE4002C7787 /* Preview Assets.xcassets in Resources */,
				7B8A06672430ACE4002C7787 /* Assets.xcassets in Resources */,
			);
			runOnlyForDeploymentPostprocessing = 0;
		};
/* End PBXResourcesBuildPhase section */

/* Begin PBXSourcesBuildPhase section */
		7B8A06592430ACE0002C7787 /* Sources */ = {
			isa = PBXSourcesBuildPhase;
			buildActionMask = 2147483647;
			files = (
				7B8A06612430ACE0002C7787 /* AppDelegate.swift in Sources */,
				7B8A06632430ACE0002C7787 /* SceneDelegate.swift in Sources */,
				7B8A06652430ACE0002C7787 /* ContentView.swift in Sources */,
			);
			runOnlyForDeploymentPostprocessing = 0;
		};
/* End PBXSourcesBuildPhase section */

/* Begin PBXVariantGroup section */
		7B8A066B2430ACE4002C7787 /* LaunchScreen.storyboard */ = {
			isa = PBXVariantGroup;
			children = (
				7B8A066C2430ACE4002C7787 /* Base */,
			);
			name = LaunchScreen.storyboard;
			sourceTree = "<group>";
		};
/* End PBXVariantGroup section */

/* Begin XCBuildConfiguration section */
		7B8A066F2430ACE4002C7787 /* Debug */ = {
			isa = XCBuildConfiguration;
			buildSettings = {
				ALWAYS_SEARCH_USER_PATHS = NO;
				CLANG_ANALYZER_NONNULL = YES;
				CLANG_ANALYZER_NUMBER_OBJECT_CONVERSION = YES_AGGRESSIVE;
				CLANG_CXX_LANGUAGE_STANDARD = "gnu++14";
				CLANG_CXX_LIBRARY = "libc++";
				CLANG_ENABLE_MODULES = YES;
				CLANG_ENABLE_OBJC_ARC = YES;
				CLANG_ENABLE_OBJC_WEAK = YES;
				CLANG_WARN_BLOCK_CAPTURE_AUTORELEASING = YES;
				CLANG_WARN_BOOL_CONVERSION = YES;
				CLANG_WARN_COMMA = YES;
				CLANG_WARN_CONSTANT_CONVERSION = YES;
				CLANG_WARN_DEPRECATED_OBJC_IMPLEMENTATIONS = YES;
				CLANG_WARN_DIRECT_OBJC_ISA_USAGE = YES_ERROR;
				CLANG_WARN_DOCUMENTATION_COMMENTS = YES;
				CLANG_WARN_EMPTY_BODY = YES;
				CLANG_WARN_ENUM_CONVERSION = YES;
				CLANG_WARN_INFINITE_RECURSION = YES;
				CLANG_WARN_INT_CONVERSION = YES;
				CLANG_WARN_NON_LITERAL_NULL_CONVERSION = YES;
				CLANG_WARN_OBJC_IMPLICIT_RETAIN_SELF = YES;
				CLANG_WARN_OBJC_LITERAL_CONVERSION = YES;
				CLANG_WARN_OBJC_ROOT_CLASS = YES_ERROR;
				CLANG_WARN_RANGE_LOOP_ANALYSIS = YES;
				CLANG_WARN_STRICT_PROTOTYPES = YES;
				CLANG_WARN_SUSPICIOUS_MOVE = YES;
				CLANG_WARN_UNGUARDED_AVAILABILITY = YES_AGGRESSIVE;
				CLANG_WARN_UNREACHABLE_CODE = YES;
				CLANG_WARN__DUPLICATE_METHOD_MATCH = YES;
				COPY_PHASE_STRIP = NO;
				DEBUG_INFORMATION_FORMAT = dwarf;
				ENABLE_STRICT_OBJC_MSGSEND = YES;
				ENABLE_TESTABILITY = YES;
				GCC_C_LANGUAGE_STANDARD = gnu11;
				GCC_DYNAMIC_NO_PIC = NO;
				GCC_NO_COMMON_BLOCKS = YES;
				GCC_OPTIMIZATION_LEVEL = 0;
				GCC_PREPROCESSOR_DEFINITIONS = (
					"DEBUG=1",
					"$(inherited)",
				);
				GCC_WARN_64_TO_32_BIT_CONVERSION = YES;
				GCC_WARN_ABOUT_RETURN_TYPE = YES_ERROR;
				GCC_WARN_UNDECLARED_SELECTOR = YES;
				GCC_WARN_UNINITIALIZED_AUTOS = YES_AGGRESSIVE;
				GCC_WARN_UNUSED_FUNCTION = YES;
				GCC_WARN_UNUSED_VARIABLE = YES;
				IPHONEOS_DEPLOYMENT_TARGET = 13.4;
				MTL_ENABLE_DEBUG_INFO = INCLUDE_SOURCE;
				MTL_FAST_MATH = YES;
				ONLY_ACTIVE_ARCH = YES;
				SDKROOT = iphoneos;
				SWIFT_ACTIVE_COMPILATION_CONDITIONS = DEBUG;
				SWIFT_OPTIMIZATION_LEVEL = "-Onone";
			};
			name = Debug;
		};
		7B8A06702430ACE4002C7787 /* Release */ = {
			isa = XCBuildConfiguration;
			buildSettings = {
				ALWAYS_SEARCH_USER_PATHS = NO;
				CLANG_ANALYZER_NONNULL = YES;
				CLANG_ANALYZER_NUMBER_OBJECT_CONVERSION = YES_AGGRESSIVE;
				CLANG_CXX_LANGUAGE_STANDARD = "gnu++14";
				CLANG_CXX_LIBRARY = "libc++";
				CLANG_ENABLE_MODULES = YES;
				CLANG_ENABLE_OBJC_ARC = YES;
				CLANG_ENABLE_OBJC_WEAK = YES;
				CLANG_WARN_BLOCK_CAPTURE_AUTORELEASING = YES;
				CLANG_WARN_BOOL_CONVERSION = YES;
				CLANG_WARN_COMMA = YES;
				CLANG_WARN_CONSTANT_CONVERSION = YES;
				CLANG_WARN_DEPRECATED_OBJC_IMPLEMENTATIONS = YES;
				CLANG_WARN_DIRECT_OBJC_ISA_USAGE = YES_ERROR;
				CLANG_WARN_DOCUMENTATION_COMMENTS = YES;
				CLANG_WARN_EMPTY_BODY = YES;
				CLANG_WARN_ENUM_CONVERSION = YES;
				CLANG_WARN_INFINITE_RECURSION = YES;
				CLANG_WARN_INT_CONVERSION = YES;
				CLANG_WARN_NON_LITERAL_NULL_CONVERSION = YES;
				CLANG_WARN_OBJC_IMPLICIT_RETAIN_SELF = YES;
				CLANG_WARN_OBJC_LITERAL_CONVERSION = YES;
				CLANG_WARN_OBJC_ROOT_CLASS = YES_ERROR;
				CLANG_WARN_RANGE_LOOP_ANALYSIS = YES;
				CLANG_WARN_STRICT_PROTOTYPES = YES;
				CLANG_WARN_SUSPICIOUS_MOVE = YES;
				CLANG_WARN_UNGUARDED_AVAILABILITY = YES_AGGRESSIVE;
				CLANG_WARN_UNREACHABLE_CODE = YES;
				CLANG_WARN__DUPLICATE_METHOD_MATCH = YES;
				COPY_PHASE_STRIP = NO;
				DEBUG_INFORMATION_FORMAT = "dwarf-with-dsym";
				ENABLE_NS_ASSERTIONS = NO;
				ENABLE_STRICT_OBJC_MSGSEND = YES;
				GCC_C_LANGUAGE_STANDARD = gnu11;
				GCC_NO_COMMON_BLOCKS = YES;
				GCC_WARN_64_TO_32_BIT_CONVERSION = YES;
				GCC_WARN_ABOUT_RETURN_TYPE = YES_ERROR;
				GCC_WARN_UNDECLARED_SELECTOR = YES;
				GCC_WARN_UNINITIALIZED_AUTOS = YES_AGGRESSIVE;
				GCC_WARN_UNUSED_FUNCTION = YES;
				GCC_WARN_UNUSED_VARIABLE = YES;
				IPHONEOS_DEPLOYMENT_TARGET = 13.4;
				MTL_ENABLE_DEBUG_INFO = NO;
				MTL_FAST_MATH = YES;
				SDKROOT = iphoneos;
				SWIFT_COMPILATION_MODE = wholemodule;
				SWIFT_OPTIMIZATION_LEVEL = "-O";
				VALIDATE_PRODUCT = YES;
			};
			name = Release;
		};
		7B8A06722430ACE4002C7787 /* Debug */ = {
			isa = XCBuildConfiguration;
			buildSettings = {
				ASSETCATALOG_COMPILER_APPICON_NAME = AppIcon;
				CODE_SIGN_STYLE = Automatic;
				DEVELOPMENT_ASSET_PATHS = "\"GeometrySpace/Preview Content\"";
				DEVELOPMENT_TEAM = CWGS87U262;
				ENABLE_PREVIEWS = YES;
				INFOPLIST_FILE = GeometrySpace/Info.plist;
				LD_RUNPATH_SEARCH_PATHS = (
					"$(inherited)",
					"@executable_path/Frameworks",
				);
				PRODUCT_BUNDLE_IDENTIFIER = ch.cqd.GeometrySpace;
				PRODUCT_NAME = "$(TARGET_NAME)";
				SWIFT_VERSION = 5.0;
				TARGETED_DEVICE_FAMILY = "1,2";
			};
			name = Debug;
		};
		7B8A06732430ACE4002C7787 /* Release */ = {
			isa = XCBuildConfiguration;
			buildSettings = {
				ASSETCATALOG_COMPILER_APPICON_NAME = AppIcon;
				CODE_SIGN_STYLE = Automatic;
				DEVELOPMENT_ASSET_PATHS = "\"GeometrySpace/Preview Content\"";
				DEVELOPMENT_TEAM = CWGS87U262;
				ENABLE_PREVIEWS = YES;
				INFOPLIST_FILE = GeometrySpace/Info.plist;
				LD_RUNPATH_SEARCH_PATHS = (
					"$(inherited)",
					"@executable_path/Frameworks",
				);
				PRODUCT_BUNDLE_IDENTIFIER = ch.cqd.GeometrySpace;
				PRODUCT_NAME = "$(TARGET_NAME)";
				SWIFT_VERSION = 5.0;
				TARGETED_DEVICE_FAMILY = "1,2";
			};
			name = Release;
		};
/* End XCBuildConfiguration section */

/* Begin XCConfigurationList section */
		7B8A06582430ACE0002C7787 /* Build configuration list for PBXProject "GeometrySpace" */ = {
			isa = XCConfigurationList;
			buildConfigurations = (
				7B8A066F2430ACE4002C7787 /* Debug */,
				7B8A06702430ACE4002C7787 /* Release */,
			);
			defaultConfigurationIsVisible = 0;
			defaultConfigurationName = Release;
		};
		7B8A06712430ACE4002C7787 /* Build configuration list for PBXNativeTarget "GeometrySpace" */ = {
			isa = XCConfigurationList;
			buildConfigurations = (
				7B8A06722430ACE4002C7787 /* Debug */,
				7B8A06732430ACE4002C7787 /* Release */,
			);
			defaultConfigurationIsVisible = 0;
			defaultConfigurationName = Release;
		};
/* End XCConfigurationList section */
	};
	rootObject = 7B8A06552430ACE0002C7787 /* Project object */;
}
